
Microsoft Visual Studio Solution File, Format Version 12.00
# Visual Studio Version 17
VisualStudioVersion = 17.3.32929.385
MinimumVisualStudioVersion = 10.0.40219.1
Project("{FAE04EC0-301F-11D3-BF4B-00C04F79EFBC}") = "GUI", "GUI\GUI.csproj", "{13D6DE0E-5F09-4FE1-8BA1-116C7994D645}"
EndProject
Project("{FAE04EC0-301F-11D3-BF4B-00C04F79EFBC}") = "DTO", "DTO\DTO.csproj", "{02388ACC-39A2-4C27-83DB-3D118B48190E}"
EndProject
Project("{FAE04EC0-301F-11D3-BF4B-00C04F79EFBC}") = "DAL", "DAL\DAL.csproj", "{02691C45-5C85-4790-98A4-663A02C8DE7D}"
EndProject
Project("{FAE04EC0-301F-11D3-BF4B-00C04F79EFBC}") = "BLL", "BLL\BLL.csproj", "{EE72276A-D6AA-4C4A-A542-EEACFE388310}"
EndProject
Project("{FAE04EC0-301F-11D3-BF4B-00C04F79EFBC}") = "Utility", "Utility\Utility.csproj", "{09DC9C99-B1DD-48A6-9C85-FA50783F406E}"
EndProject
Global
	GlobalSection(SolutionConfigurationPlatforms) = preSolution
		Debug|Any CPU = Debug|Any CPU
		Release|Any CPU = Release|Any CPU
	EndGlobalSection
	GlobalSection(ProjectConfigurationPlatforms) = postSolution
		{13D6DE0E-5F09-4FE1-8BA1-116C7994D645}.Debug|Any CPU.ActiveCfg = Debug|Any CPU
		{13D6DE0E-5F09-4FE1-8BA1-116C7994D645}.Debug|Any CPU.Build.0 = Debug|Any CPU
		{13D6DE0E-5F09-4FE1-8BA1-116C7994D645}.Release|Any CPU.ActiveCfg = Release|Any CPU
		{13D6DE0E-5F09-4FE1-8BA1-116C7994D645}.Release|Any CPU.Build.0 = Release|Any CPU
		{02388ACC-39A2-4C27-83DB-3D118B48190E}.Debug|Any CPU.ActiveCfg = Debug|Any CPU
		{02388ACC-39A2-4C27-83DB-3D118B48190E}.Debug|Any CPU.Build.0 = Debug|Any CPU
		{02388ACC-39A2-4C27-83DB-3D118B48190E}.Release|Any CPU.ActiveCfg = Release|Any CPU
		{02388ACC-39A2-4C27-83DB-3D118B48190E}.Release|Any CPU.Build.0 = Release|Any CPU
		{02691C45-5C85-4790-98A4-663A02C8DE7D}.Debug|Any CPU.ActiveCfg = Debug|Any CPU
		{02691C45-5C85-4790-98A4-663A02C8DE7D}.Debug|Any CPU.Build.0 = Debug|Any CPU
		{02691C45-5C85-4790-98A4-663A02C8DE7D}.Release|Any CPU.ActiveCfg = Release|Any CPU
		{02691C45-5C85-4790-98A4-663A02C8DE7D}.Release|Any CPU.Build.0 = Release|Any CPU
		{EE72276A-D6AA-4C4A-A542-EEACFE388310}.Debug|Any CPU.ActiveCfg = Debug|Any CPU
		{EE72276A-D6AA-4C4A-A542-EEACFE388310}.Debug|Any CPU.Build.0 = Debug|Any CPU
		{EE72276A-D6AA-4C4A-A542-EEACFE388310}.Release|Any CPU.ActiveCfg = Release|Any CPU
		{EE72276A-D6AA-4C4A-A542-EEACFE388310}.Release|Any CPU.Build.0 = Release|Any CPU
		{09DC9C99-B1DD-48A6-9C85-FA50783F406E}.Debug|Any CPU.ActiveCfg = Debug|Any CPU
		{09DC9C99-B1DD-48A6-9C85-FA50783F406E}.Debug|Any CPU.Build.0 = Debug|Any CPU
		{09DC9C99-B1DD-48A6-9C85-FA50783F406E}.Release|Any CPU.ActiveCfg = Release|Any CPU
		{09DC9C99-B1DD-48A6-9C85-FA50783F406E}.Release|Any CPU.Build.0 = Release|Any CPU
	EndGlobalSection
	GlobalSection(SolutionProperties) = preSolution
		HideSolutionNode = FALSE
	EndGlobalSection
	GlobalSection(ExtensibilityGlobals) = postSolution
		SolutionGuid = {0B49E2EC-5DB6-435D-93CB-1B5BD6769373}
	EndGlobalSection
EndGlobal
